
Microsoft Visual Studio Solution File, Format Version 12.00
# Visual Studio Version 16
VisualStudioVersion = 16.6.30114.105
MinimumVisualStudioVersion = 10.0.40219.1
Project("{2150E333-8FDC-42A3-9474-1A3956D46DE8}") = "Device", "Device", "{83B723B7-004E-406C-9D87-37C598A15A3D}"
EndProject
Project("{2150E333-8FDC-42A3-9474-1A3956D46DE8}") = "Core", "Core", "{2C43127F-1BFA-4497-9EAB-3B23FDC2AF8A}"
EndProject
Project("{2150E333-8FDC-42A3-9474-1A3956D46DE8}") = "Framework", "Framework", "{9D46BBA4-808E-4EDA-9E77-CF7CBE2C072A}"
EndProject
Project("{2150E333-8FDC-42A3-9474-1A3956D46DE8}") = "Runtime", "Runtime", "{79FEB731-3371-4831-95D8-443E31B1608C}"
EndProject
Project("{2150E333-8FDC-42A3-9474-1A3956D46DE8}") = "App", "App", "{87B3793D-44F9-4B8D-98E3-49DB9963ADD9}"
EndProject
Project("{9A19103F-16F7-4668-BE54-9A1E7A4F7556}") = "Core.Abstractions", "Core\Core.Abstractions\Core.Abstractions.csproj", "{C5AF9D46-E2A1-42B8-B570-9817E38C9EBB}"
EndProject
Project("{9A19103F-16F7-4668-BE54-9A1E7A4F7556}") = "Core.Implementation", "Core\Core.Implementation\Core.Implementation.csproj", "{78CEB650-718B-4FB3-9017-F40DCA03FBEF}"
EndProject
Project("{9A19103F-16F7-4668-BE54-9A1E7A4F7556}") = "Device.Abstractions", "Device\Device.Abstractions\Device.Abstractions.csproj", "{FF3F3A0C-1752-4765-BCFB-8CA52DAE40CE}"
EndProject
Project("{9A19103F-16F7-4668-BE54-9A1E7A4F7556}") = "Device.Implementation", "Device\Device.Implementation\Device.Implementation.csproj", "{A5AE79DE-6D1C-4937-8D02-FCB11F556B06}"
EndProject
Project("{9A19103F-16F7-4668-BE54-9A1E7A4F7556}") = "Framework.Abstractions", "Framework\Framework.Abstractions\Framework.Abstractions.csproj", "{A806267D-0A6B-4E7A-B551-A4D99697A78A}"
EndProject
Project("{9A19103F-16F7-4668-BE54-9A1E7A4F7556}") = "Framework.Implementations", "Framework\Framework.Implementations\Framework.Implementations.csproj", "{582909EC-350B-4805-8C1B-122FB9755BD8}"
EndProject
Project("{9A19103F-16F7-4668-BE54-9A1E7A4F7556}") = "Runtime.Abstractions", "Runtime\Runtime.Abstractions\Runtime.Abstractions.csproj", "{2E294A96-4493-4065-9CFD-0CA486B9D45A}"
EndProject
Project("{9A19103F-16F7-4668-BE54-9A1E7A4F7556}") = "Runtime.Implementation", "Runtime\Runtime.Implementation\Runtime.Implementation.csproj", "{0A42BBF3-0187-487F-B39A-C092832FAE3A}"
EndProject
Project("{9A19103F-16F7-4668-BE54-9A1E7A4F7556}") = "App.Terminal", "App\App.Terminal\App.Terminal.csproj", "{634CAF62-5DCA-4FB2-AEBE-0583B8766583}"
EndProject
Project("{FAE04EC0-301F-11D3-BF4B-00C04F79EFBC}") = "App.Terminal2", "App\App.Terminal2\App.Terminal2.csproj", "{72981D06-CDC5-4ED5-B07A-522C9DA8B8D7}"
EndProject
Project("{FAE04EC0-301F-11D3-BF4B-00C04F79EFBC}") = "App.WebApp", "App\App.WebApp\App.WebApp.csproj", "{FC26F000-FE24-4E12-A98F-3803AC9B3EB7}"
EndProject
Global
	GlobalSection(SolutionConfigurationPlatforms) = preSolution
		Debug|Any CPU = Debug|Any CPU
		Debug|x64 = Debug|x64
		Debug|x86 = Debug|x86
		Release|Any CPU = Release|Any CPU
		Release|x64 = Release|x64
		Release|x86 = Release|x86
	EndGlobalSection
	GlobalSection(ProjectConfigurationPlatforms) = postSolution
		{C5AF9D46-E2A1-42B8-B570-9817E38C9EBB}.Debug|Any CPU.ActiveCfg = Debug|Any CPU
		{C5AF9D46-E2A1-42B8-B570-9817E38C9EBB}.Debug|Any CPU.Build.0 = Debug|Any CPU
		{C5AF9D46-E2A1-42B8-B570-9817E38C9EBB}.Debug|x64.ActiveCfg = Debug|Any CPU
		{C5AF9D46-E2A1-42B8-B570-9817E38C9EBB}.Debug|x64.Build.0 = Debug|Any CPU
		{C5AF9D46-E2A1-42B8-B570-9817E38C9EBB}.Debug|x86.ActiveCfg = Debug|Any CPU
		{C5AF9D46-E2A1-42B8-B570-9817E38C9EBB}.Debug|x86.Build.0 = Debug|Any CPU
		{C5AF9D46-E2A1-42B8-B570-9817E38C9EBB}.Release|Any CPU.ActiveCfg = Release|Any CPU
		{C5AF9D46-E2A1-42B8-B570-9817E38C9EBB}.Release|Any CPU.Build.0 = Release|Any CPU
		{C5AF9D46-E2A1-42B8-B570-9817E38C9EBB}.Release|x64.ActiveCfg = Release|Any CPU
		{C5AF9D46-E2A1-42B8-B570-9817E38C9EBB}.Release|x64.Build.0 = Release|Any CPU
		{C5AF9D46-E2A1-42B8-B570-9817E38C9EBB}.Release|x86.ActiveCfg = Release|Any CPU
		{C5AF9D46-E2A1-42B8-B570-9817E38C9EBB}.Release|x86.Build.0 = Release|Any CPU
		{78CEB650-718B-4FB3-9017-F40DCA03FBEF}.Debug|Any CPU.ActiveCfg = Debug|Any CPU
		{78CEB650-718B-4FB3-9017-F40DCA03FBEF}.Debug|Any CPU.Build.0 = Debug|Any CPU
		{78CEB650-718B-4FB3-9017-F40DCA03FBEF}.Debug|x64.ActiveCfg = Debug|Any CPU
		{78CEB650-718B-4FB3-9017-F40DCA03FBEF}.Debug|x64.Build.0 = Debug|Any CPU
		{78CEB650-718B-4FB3-9017-F40DCA03FBEF}.Debug|x86.ActiveCfg = Debug|Any CPU
		{78CEB650-718B-4FB3-9017-F40DCA03FBEF}.Debug|x86.Build.0 = Debug|Any CPU
		{78CEB650-718B-4FB3-9017-F40DCA03FBEF}.Release|Any CPU.ActiveCfg = Release|Any CPU
		{78CEB650-718B-4FB3-9017-F40DCA03FBEF}.Release|Any CPU.Build.0 = Release|Any CPU
		{78CEB650-718B-4FB3-9017-F40DCA03FBEF}.Release|x64.ActiveCfg = Release|Any CPU
		{78CEB650-718B-4FB3-9017-F40DCA03FBEF}.Release|x64.Build.0 = Release|Any CPU
		{78CEB650-718B-4FB3-9017-F40DCA03FBEF}.Release|x86.ActiveCfg = Release|Any CPU
		{78CEB650-718B-4FB3-9017-F40DCA03FBEF}.Release|x86.Build.0 = Release|Any CPU
		{FF3F3A0C-1752-4765-BCFB-8CA52DAE40CE}.Debug|Any CPU.ActiveCfg = Debug|Any CPU
		{FF3F3A0C-1752-4765-BCFB-8CA52DAE40CE}.Debug|Any CPU.Build.0 = Debug|Any CPU
		{FF3F3A0C-1752-4765-BCFB-8CA52DAE40CE}.Debug|x64.ActiveCfg = Debug|Any CPU
		{FF3F3A0C-1752-4765-BCFB-8CA52DAE40CE}.Debug|x64.Build.0 = Debug|Any CPU
		{FF3F3A0C-1752-4765-BCFB-8CA52DAE40CE}.Debug|x86.ActiveCfg = Debug|Any CPU
		{FF3F3A0C-1752-4765-BCFB-8CA52DAE40CE}.Debug|x86.Build.0 = Debug|Any CPU
		{FF3F3A0C-1752-4765-BCFB-8CA52DAE40CE}.Release|Any CPU.ActiveCfg = Release|Any CPU
		{FF3F3A0C-1752-4765-BCFB-8CA52DAE40CE}.Release|Any CPU.Build.0 = Release|Any CPU
		{FF3F3A0C-1752-4765-BCFB-8CA52DAE40CE}.Release|x64.ActiveCfg = Release|Any CPU
		{FF3F3A0C-1752-4765-BCFB-8CA52DAE40CE}.Release|x64.Build.0 = Release|Any CPU
		{FF3F3A0C-1752-4765-BCFB-8CA52DAE40CE}.Release|x86.ActiveCfg = Release|Any CPU
		{FF3F3A0C-1752-4765-BCFB-8CA52DAE40CE}.Release|x86.Build.0 = Release|Any CPU
		{A5AE79DE-6D1C-4937-8D02-FCB11F556B06}.Debug|Any CPU.ActiveCfg = Debug|Any CPU
		{A5AE79DE-6D1C-4937-8D02-FCB11F556B06}.Debug|Any CPU.Build.0 = Debug|Any CPU
		{A5AE79DE-6D1C-4937-8D02-FCB11F556B06}.Debug|x64.ActiveCfg = Debug|Any CPU
		{A5AE79DE-6D1C-4937-8D02-FCB11F556B06}.Debug|x64.Build.0 = Debug|Any CPU
		{A5AE79DE-6D1C-4937-8D02-FCB11F556B06}.Debug|x86.ActiveCfg = Debug|Any CPU
		{A5AE79DE-6D1C-4937-8D02-FCB11F556B06}.Debug|x86.Build.0 = Debug|Any CPU
		{A5AE79DE-6D1C-4937-8D02-FCB11F556B06}.Release|Any CPU.ActiveCfg = Release|Any CPU
		{A5AE79DE-6D1C-4937-8D02-FCB11F556B06}.Release|Any CPU.Build.0 = Release|Any CPU
		{A5AE79DE-6D1C-4937-8D02-FCB11F556B06}.Release|x64.ActiveCfg = Release|Any CPU
		{A5AE79DE-6D1C-4937-8D02-FCB11F556B06}.Release|x64.Build.0 = Release|Any CPU
		{A5AE79DE-6D1C-4937-8D02-FCB11F556B06}.Release|x86.ActiveCfg = Release|Any CPU
		{A5AE79DE-6D1C-4937-8D02-FCB11F556B06}.Release|x86.Build.0 = Release|Any CPU
		{A806267D-0A6B-4E7A-B551-A4D99697A78A}.Debug|Any CPU.ActiveCfg = Debug|Any CPU
		{A806267D-0A6B-4E7A-B551-A4D99697A78A}.Debug|Any CPU.Build.0 = Debug|Any CPU
		{A806267D-0A6B-4E7A-B551-A4D99697A78A}.Debug|x64.ActiveCfg = Debug|Any CPU
		{A806267D-0A6B-4E7A-B551-A4D99697A78A}.Debug|x64.Build.0 = Debug|Any CPU
		{A806267D-0A6B-4E7A-B551-A4D99697A78A}.Debug|x86.ActiveCfg = Debug|Any CPU
		{A806267D-0A6B-4E7A-B551-A4D99697A78A}.Debug|x86.Build.0 = Debug|Any CPU
		{A806267D-0A6B-4E7A-B551-A4D99697A78A}.Release|Any CPU.ActiveCfg = Release|Any CPU
		{A806267D-0A6B-4E7A-B551-A4D99697A78A}.Release|Any CPU.Build.0 = Release|Any CPU
		{A806267D-0A6B-4E7A-B551-A4D99697A78A}.Release|x64.ActiveCfg = Release|Any CPU
		{A806267D-0A6B-4E7A-B551-A4D99697A78A}.Release|x64.Build.0 = Release|Any CPU
		{A806267D-0A6B-4E7A-B551-A4D99697A78A}.Release|x86.ActiveCfg = Release|Any CPU
		{A806267D-0A6B-4E7A-B551-A4D99697A78A}.Release|x86.Build.0 = Release|Any CPU
		{582909EC-350B-4805-8C1B-122FB9755BD8}.Debug|Any CPU.ActiveCfg = Debug|Any CPU
		{582909EC-350B-4805-8C1B-122FB9755BD8}.Debug|Any CPU.Build.0 = Debug|Any CPU
		{582909EC-350B-4805-8C1B-122FB9755BD8}.Debug|x64.ActiveCfg = Debug|Any CPU
		{582909EC-350B-4805-8C1B-122FB9755BD8}.Debug|x64.Build.0 = Debug|Any CPU
		{582909EC-350B-4805-8C1B-122FB9755BD8}.Debug|x86.ActiveCfg = Debug|Any CPU
		{582909EC-350B-4805-8C1B-122FB9755BD8}.Debug|x86.Build.0 = Debug|Any CPU
		{582909EC-350B-4805-8C1B-122FB9755BD8}.Release|Any CPU.ActiveCfg = Release|Any CPU
		{582909EC-350B-4805-8C1B-122FB9755BD8}.Release|Any CPU.Build.0 = Release|Any CPU
		{582909EC-350B-4805-8C1B-122FB9755BD8}.Release|x64.ActiveCfg = Release|Any CPU
		{582909EC-350B-4805-8C1B-122FB9755BD8}.Release|x64.Build.0 = Release|Any CPU
		{582909EC-350B-4805-8C1B-122FB9755BD8}.Release|x86.ActiveCfg = Release|Any CPU
		{582909EC-350B-4805-8C1B-122FB9755BD8}.Release|x86.Build.0 = Release|Any CPU
		{2E294A96-4493-4065-9CFD-0CA486B9D45A}.Debug|Any CPU.ActiveCfg = Debug|Any CPU
		{2E294A96-4493-4065-9CFD-0CA486B9D45A}.Debug|Any CPU.Build.0 = Debug|Any CPU
		{2E294A96-4493-4065-9CFD-0CA486B9D45A}.Debug|x64.ActiveCfg = Debug|Any CPU
		{2E294A96-4493-4065-9CFD-0CA486B9D45A}.Debug|x64.Build.0 = Debug|Any CPU
		{2E294A96-4493-4065-9CFD-0CA486B9D45A}.Debug|x86.ActiveCfg = Debug|Any CPU
		{2E294A96-4493-4065-9CFD-0CA486B9D45A}.Debug|x86.Build.0 = Debug|Any CPU
		{2E294A96-4493-4065-9CFD-0CA486B9D45A}.Release|Any CPU.ActiveCfg = Release|Any CPU
		{2E294A96-4493-4065-9CFD-0CA486B9D45A}.Release|Any CPU.Build.0 = Release|Any CPU
		{2E294A96-4493-4065-9CFD-0CA486B9D45A}.Release|x64.ActiveCfg = Release|Any CPU
		{2E294A96-4493-4065-9CFD-0CA486B9D45A}.Release|x64.Build.0 = Release|Any CPU
		{2E294A96-4493-4065-9CFD-0CA486B9D45A}.Release|x86.ActiveCfg = Release|Any CPU
		{2E294A96-4493-4065-9CFD-0CA486B9D45A}.Release|x86.Build.0 = Release|Any CPU
		{0A42BBF3-0187-487F-B39A-C092832FAE3A}.Debug|Any CPU.ActiveCfg = Debug|Any CPU
		{0A42BBF3-0187-487F-B39A-C092832FAE3A}.Debug|Any CPU.Build.0 = Debug|Any CPU
		{0A42BBF3-0187-487F-B39A-C092832FAE3A}.Debug|x64.ActiveCfg = Debug|Any CPU
		{0A42BBF3-0187-487F-B39A-C092832FAE3A}.Debug|x64.Build.0 = Debug|Any CPU
		{0A42BBF3-0187-487F-B39A-C092832FAE3A}.Debug|x86.ActiveCfg = Debug|Any CPU
		{0A42BBF3-0187-487F-B39A-C092832FAE3A}.Debug|x86.Build.0 = Debug|Any CPU
		{0A42BBF3-0187-487F-B39A-C092832FAE3A}.Release|Any CPU.ActiveCfg = Release|Any CPU
		{0A42BBF3-0187-487F-B39A-C092832FAE3A}.Release|Any CPU.Build.0 = Release|Any CPU
		{0A42BBF3-0187-487F-B39A-C092832FAE3A}.Release|x64.ActiveCfg = Release|Any CPU
		{0A42BBF3-0187-487F-B39A-C092832FAE3A}.Release|x64.Build.0 = Release|Any CPU
		{0A42BBF3-0187-487F-B39A-C092832FAE3A}.Release|x86.ActiveCfg = Release|Any CPU
		{0A42BBF3-0187-487F-B39A-C092832FAE3A}.Release|x86.Build.0 = Release|Any CPU
		{634CAF62-5DCA-4FB2-AEBE-0583B8766583}.Debug|Any CPU.ActiveCfg = Debug|Any CPU
		{634CAF62-5DCA-4FB2-AEBE-0583B8766583}.Debug|Any CPU.Build.0 = Debug|Any CPU
		{634CAF62-5DCA-4FB2-AEBE-0583B8766583}.Debug|x64.ActiveCfg = Debug|Any CPU
		{634CAF62-5DCA-4FB2-AEBE-0583B8766583}.Debug|x64.Build.0 = Debug|Any CPU
		{634CAF62-5DCA-4FB2-AEBE-0583B8766583}.Debug|x86.ActiveCfg = Debug|Any CPU
		{634CAF62-5DCA-4FB2-AEBE-0583B8766583}.Debug|x86.Build.0 = Debug|Any CPU
		{634CAF62-5DCA-4FB2-AEBE-0583B8766583}.Release|Any CPU.ActiveCfg = Release|Any CPU
		{634CAF62-5DCA-4FB2-AEBE-0583B8766583}.Release|Any CPU.Build.0 = Release|Any CPU
		{634CAF62-5DCA-4FB2-AEBE-0583B8766583}.Release|x64.ActiveCfg = Release|Any CPU
		{634CAF62-5DCA-4FB2-AEBE-0583B8766583}.Release|x64.Build.0 = Release|Any CPU
		{634CAF62-5DCA-4FB2-AEBE-0583B8766583}.Release|x86.ActiveCfg = Release|Any CPU
		{634CAF62-5DCA-4FB2-AEBE-0583B8766583}.Release|x86.Build.0 = Release|Any CPU
		{72981D06-CDC5-4ED5-B07A-522C9DA8B8D7}.Debug|Any CPU.ActiveCfg = Debug|Any CPU
		{72981D06-CDC5-4ED5-B07A-522C9DA8B8D7}.Debug|Any CPU.Build.0 = Debug|Any CPU
		{72981D06-CDC5-4ED5-B07A-522C9DA8B8D7}.Debug|x64.ActiveCfg = Debug|Any CPU
		{72981D06-CDC5-4ED5-B07A-522C9DA8B8D7}.Debug|x64.Build.0 = Debug|Any CPU
		{72981D06-CDC5-4ED5-B07A-522C9DA8B8D7}.Debug|x86.ActiveCfg = Debug|Any CPU
		{72981D06-CDC5-4ED5-B07A-522C9DA8B8D7}.Debug|x86.Build.0 = Debug|Any CPU
		{72981D06-CDC5-4ED5-B07A-522C9DA8B8D7}.Release|Any CPU.ActiveCfg = Release|Any CPU
		{72981D06-CDC5-4ED5-B07A-522C9DA8B8D7}.Release|Any CPU.Build.0 = Release|Any CPU
		{72981D06-CDC5-4ED5-B07A-522C9DA8B8D7}.Release|x64.ActiveCfg = Release|Any CPU
		{72981D06-CDC5-4ED5-B07A-522C9DA8B8D7}.Release|x64.Build.0 = Release|Any CPU
		{72981D06-CDC5-4ED5-B07A-522C9DA8B8D7}.Release|x86.ActiveCfg = Release|Any CPU
		{72981D06-CDC5-4ED5-B07A-522C9DA8B8D7}.Release|x86.Build.0 = Release|Any CPU
		{FC26F000-FE24-4E12-A98F-3803AC9B3EB7}.Debug|Any CPU.ActiveCfg = Debug|Any CPU
		{FC26F000-FE24-4E12-A98F-3803AC9B3EB7}.Debug|Any CPU.Build.0 = Debug|Any CPU
		{FC26F000-FE24-4E12-A98F-3803AC9B3EB7}.Debug|x64.ActiveCfg = Debug|Any CPU
		{FC26F000-FE24-4E12-A98F-3803AC9B3EB7}.Debug|x64.Build.0 = Debug|Any CPU
		{FC26F000-FE24-4E12-A98F-3803AC9B3EB7}.Debug|x86.ActiveCfg = Debug|Any CPU
		{FC26F000-FE24-4E12-A98F-3803AC9B3EB7}.Debug|x86.Build.0 = Debug|Any CPU
		{FC26F000-FE24-4E12-A98F-3803AC9B3EB7}.Release|Any CPU.ActiveCfg = Release|Any CPU
		{FC26F000-FE24-4E12-A98F-3803AC9B3EB7}.Release|Any CPU.Build.0 = Release|Any CPU
		{FC26F000-FE24-4E12-A98F-3803AC9B3EB7}.Release|x64.ActiveCfg = Release|Any CPU
		{FC26F000-FE24-4E12-A98F-3803AC9B3EB7}.Release|x64.Build.0 = Release|Any CPU
		{FC26F000-FE24-4E12-A98F-3803AC9B3EB7}.Release|x86.ActiveCfg = Release|Any CPU
		{FC26F000-FE24-4E12-A98F-3803AC9B3EB7}.Release|x86.Build.0 = Release|Any CPU
	EndGlobalSection
	GlobalSection(SolutionProperties) = preSolution
		HideSolutionNode = FALSE
	EndGlobalSection
	GlobalSection(NestedProjects) = preSolution
		{C5AF9D46-E2A1-42B8-B570-9817E38C9EBB} = {2C43127F-1BFA-4497-9EAB-3B23FDC2AF8A}
		{78CEB650-718B-4FB3-9017-F40DCA03FBEF} = {2C43127F-1BFA-4497-9EAB-3B23FDC2AF8A}
		{FF3F3A0C-1752-4765-BCFB-8CA52DAE40CE} = {83B723B7-004E-406C-9D87-37C598A15A3D}
		{A5AE79DE-6D1C-4937-8D02-FCB11F556B06} = {83B723B7-004E-406C-9D87-37C598A15A3D}
		{A806267D-0A6B-4E7A-B551-A4D99697A78A} = {9D46BBA4-808E-4EDA-9E77-CF7CBE2C072A}
		{582909EC-350B-4805-8C1B-122FB9755BD8} = {9D46BBA4-808E-4EDA-9E77-CF7CBE2C072A}
		{2E294A96-4493-4065-9CFD-0CA486B9D45A} = {79FEB731-3371-4831-95D8-443E31B1608C}
		{0A42BBF3-0187-487F-B39A-C092832FAE3A} = {79FEB731-3371-4831-95D8-443E31B1608C}
		{634CAF62-5DCA-4FB2-AEBE-0583B8766583} = {87B3793D-44F9-4B8D-98E3-49DB9963ADD9}
		{72981D06-CDC5-4ED5-B07A-522C9DA8B8D7} = {87B3793D-44F9-4B8D-98E3-49DB9963ADD9}
		{FC26F000-FE24-4E12-A98F-3803AC9B3EB7} = {87B3793D-44F9-4B8D-98E3-49DB9963ADD9}
	EndGlobalSection
	GlobalSection(ExtensibilityGlobals) = postSolution
		SolutionGuid = {F1746371-CFA4-4229-8237-9ED6C38BF669}
	EndGlobalSection
EndGlobal
